// !$*UTF8*$!
{
	archiveVersion = 1;
	classes = {
	};
	objectVersion = 46;
	objects = {
/* Begin PBXBuildFile section */
		0207DA581B56EA530066E2B4 /* Images.xcassets in Resources */ = {isa = PBXBuildFile; fileRef = 0207DA571B56EA530066E2B4 /* Images.xcassets */; };
		1D3623260D0F684500981E51 /* AppDelegate.m in Sources */ = {isa = PBXBuildFile; fileRef = 1D3623250D0F684500981E51 /* AppDelegate.m */; };
		1D60589B0D05DD56006BFB54 /* main.m in Sources */ = {isa = PBXBuildFile; fileRef = 29B97316FDCFA39411CA2CEA /* main.m */; };
		301BF552109A68D80062928A /* libCordova.a in Frameworks */ = {isa = PBXBuildFile; fileRef = 301BF535109A57CC0062928A /* libCordova.a */; };
		302D95F114D2391D003F00A1 /* MainViewController.m in Sources */ = {isa = PBXBuildFile; fileRef = 302D95EF14D2391D003F00A1 /* MainViewController.m */; };
		302D95F214D2391D003F00A1 /* MainViewController.xib in Resources */ = {isa = PBXBuildFile; fileRef = 302D95F014D2391D003F00A1 /* MainViewController.xib */; };
		3047A5121AB8059700498E2A /* build-debug.xcconfig in Resources */ = {isa = PBXBuildFile; fileRef = 3047A50F1AB8059700498E2A /* build-debug.xcconfig */; };
		3047A5131AB8059700498E2A /* build-release.xcconfig in Resources */ = {isa = PBXBuildFile; fileRef = 3047A5101AB8059700498E2A /* build-release.xcconfig */; };
		3047A5141AB8059700498E2A /* build.xcconfig in Resources */ = {isa = PBXBuildFile; fileRef = 3047A5111AB8059700498E2A /* build.xcconfig */; };
		6AFF5BF91D6E424B00AB3073 /* CDVLaunchScreen.storyboard in Resources */ = {isa = PBXBuildFile; fileRef = 6AFF5BF81D6E424B00AB3073 /* CDVLaunchScreen.storyboard */; };
		E7F46F637F6E4605AB8E2BEB /* AppDelegate+notification.m in Sources */ = {isa = PBXBuildFile; fileRef = 215FE88428654557A72C1C1F /* AppDelegate+notification.m */; };
		60365806E1B94BB7BC70375F /* PushPlugin.m in Sources */ = {isa = PBXBuildFile; fileRef = 1A2D5D2A4DA44F2F894F8633 /* PushPlugin.m */; };
		9512866DD496428E9D4A4085 /* libGGLCloudMessaging.a in Frameworks */ = {isa = PBXBuildFile; fileRef = EAF837B83AC745188CD05EF6 /* libGGLCloudMessaging.a */; };
		46E27E5E95E7442AA52BD356 /* libGGLCore.a in Frameworks */ = {isa = PBXBuildFile; fileRef = 886D573B74844B04A916E02E /* libGGLCore.a */; };
		968A874042804338A99A5DD7 /* libGGLInstanceIDLib.a in Frameworks */ = {isa = PBXBuildFile; fileRef = 2A3C8B65FF4741D4AD4F0E05 /* libGGLInstanceIDLib.a */; };
		8A62F54C2DEE41F29C3C4637 /* libGIP_Reachability.a in Frameworks */ = {isa = PBXBuildFile; fileRef = 65CCCBC5FFC8442AAB92A24E /* libGIP_Reachability.a */; };
		BDE31D4C450C4A3990217BB1 /* libGSDK_Overload.a in Frameworks */ = {isa = PBXBuildFile; fileRef = 1D403200976D4863A8F197A5 /* libGSDK_Overload.a */; };
		DFAE4043E65D49B49F81257C /* libGTMSessionFetcher_core.a in Frameworks */ = {isa = PBXBuildFile; fileRef = F1BD865C55DA44899494792B /* libGTMSessionFetcher_core.a */; };
		48F356FD174E4D818C048828 /* libGTMSessionFetcher_full.a in Frameworks */ = {isa = PBXBuildFile; fileRef = A32006947AF14D009221E1BD /* libGTMSessionFetcher_full.a */; };
		3511DD54FDC347EEA73CE1C4 /* libGTMStackTrace.a in Frameworks */ = {isa = PBXBuildFile; fileRef = D50661B18661417E94258589 /* libGTMStackTrace.a */; };
		E65974322BCC4C4DA62512FD /* libGTM_AddressBook.a in Frameworks */ = {isa = PBXBuildFile; fileRef = 1E509C8201DE457287203C9C /* libGTM_AddressBook.a */; };
		E7BC1FE4210D4E6BBD5C4134 /* libGTM_DebugUtils.a in Frameworks */ = {isa = PBXBuildFile; fileRef = 46812B80420B42DDBC7BDF02 /* libGTM_DebugUtils.a */; };
		2052D037C5A345ECB6EE6B52 /* libGTM_GTMURLBuilder.a in Frameworks */ = {isa = PBXBuildFile; fileRef = 8046356A0DDD448B958424E4 /* libGTM_GTMURLBuilder.a */; };
		41D63A45D9A74C189163D53C /* libGTM_KVO.a in Frameworks */ = {isa = PBXBuildFile; fileRef = B28E89445C3C4D1C9E0418C6 /* libGTM_KVO.a */; };
		BDDA35A053E84EE99AA5A03C /* libGTM_NSData+zlib.a in Frameworks */ = {isa = PBXBuildFile; fileRef = 3C3FE2D61CBA47628D0C6EF1 /* libGTM_NSData+zlib.a */; };
		2A7F482DFC184A54A3A4AEE5 /* libGTM_NSDictionary+URLArguments.a in Frameworks */ = {isa = PBXBuildFile; fileRef = 7FD7F493579043D1BABA2CE2 /* libGTM_NSDictionary+URLArguments.a */; };
		7DFD0CCC1365423D8B6B1651 /* libGTM_NSScannerJSON.a in Frameworks */ = {isa = PBXBuildFile; fileRef = 7A13EB6847484C09AA07F713 /* libGTM_NSScannerJSON.a */; };
		B83016CE72DB4AE9B5967972 /* libGTM_NSStringHTML.a in Frameworks */ = {isa = PBXBuildFile; fileRef = C249B66E1A6942E783D43F6C /* libGTM_NSStringHTML.a */; };
		B52A8CD515D9462C9D3B41EB /* libGTM_NSStringXML.a in Frameworks */ = {isa = PBXBuildFile; fileRef = A98A9E7B212D4760A33EE1E5 /* libGTM_NSStringXML.a */; };
		FBD69FD8B33D4DE8801F9A0F /* libGTM_Regex.a in Frameworks */ = {isa = PBXBuildFile; fileRef = E573C04443A34D549158F146 /* libGTM_Regex.a */; };
		1C8CB496081242298BA1443F /* libGTM_RoundedRectPath.a in Frameworks */ = {isa = PBXBuildFile; fileRef = 0B6B3FE274B54A069E1DBAE0 /* libGTM_RoundedRectPath.a */; };
		A958A6776A90421497EB0B82 /* libGTM_StringEncoding.a in Frameworks */ = {isa = PBXBuildFile; fileRef = 2D493E40224B440596DEA0C7 /* libGTM_StringEncoding.a */; };
		D666CD2463BA48F1BBF857E8 /* libGTM_SystemVersion.a in Frameworks */ = {isa = PBXBuildFile; fileRef = 9295A170B7684CA39EBC2773 /* libGTM_SystemVersion.a */; };
		587EDB60BAE440398059A781 /* libGTM_UIFont+LineHeight.a in Frameworks */ = {isa = PBXBuildFile; fileRef = C793886EA1D04C8D902F1821 /* libGTM_UIFont+LineHeight.a */; };
		B96F4B1960F34F3D8DC9B2E5 /* libGTM_core.a in Frameworks */ = {isa = PBXBuildFile; fileRef = 7AEBD6809A964CB2BB9F9733 /* libGTM_core.a */; };
		661E50ADF1E748D4BEABDD97 /* libGTM_iPhone.a in Frameworks */ = {isa = PBXBuildFile; fileRef = 3E1BAC4108434551BCC019D4 /* libGTM_iPhone.a */; };
		141642C0CA8144BDAFECC514 /* libGcmLib.a in Frameworks */ = {isa = PBXBuildFile; fileRef = FEDE86D7AFC74BF683304EB0 /* libGcmLib.a */; };
		B8095DFEB33942B8933941EA /* libProtocolBuffers.a in Frameworks */ = {isa = PBXBuildFile; fileRef = 578BA250DA8F4F419D41FEA8 /* libProtocolBuffers.a */; };
		61520FDE55D14FD987BA3949 /* AddressBook.framework in Frameworks */ = {isa = PBXBuildFile; fileRef = 00673727418F415CB88EC1D6 /* AddressBook.framework */; };
		03E70482A3DA4ED7AD9A6976 /* libsqlite3.tbd in Frameworks */ = {isa = PBXBuildFile; fileRef = B01921EF95424F22AD7369D9 /* libsqlite3.tbd */; };
		3E4DD660CFC040418C342B5B /* libz.tbd in Frameworks */ = {isa = PBXBuildFile; fileRef = FF733ED31B90459B946169C7 /* libz.tbd */; };
		1F0BAD8DC5984B49A52A0FF4 /* CDVDevice.m in Sources */ = {isa = PBXBuildFile; fileRef = F60ABC7BFA5A4C98B3F83175 /* CDVDevice.m */; };
		16691EFE668046CFA7F36D75 /* CDVNotification.m in Sources */ = {isa = PBXBuildFile; fileRef = FEB2F18AFB444048A626A0C0 /* CDVNotification.m */; };
		139EB96A74F1402C95F7B113 /* CDVNotification.bundle in Resources */ = {isa = PBXBuildFile; fileRef = F7715651049E4B6FB70DB332 /* CDVNotification.bundle */; };
		A9305A96E98F4249BC5DB456 /* AudioToolbox.framework in Frameworks */ = {isa = PBXBuildFile; fileRef = AE8E81AE945B4E67B79EDDBF /* AudioToolbox.framework */; settings = {ATTRIBUTES = (Weak, ); }; };
		3EF00FDBA19B42C2A7C551F7 /* CDVInAppBrowser.m in Sources */ = {isa = PBXBuildFile; fileRef = 17D75E43F29B4E5EA124CB6C /* CDVInAppBrowser.m */; };
		DD556D15B9DE49DFB87A1E34 /* CDVConnection.m in Sources */ = {isa = PBXBuildFile; fileRef = 620C5EDF5FE44AB0BD1D33A1 /* CDVConnection.m */; };
		7F34CC9E3B7341B79EE90973 /* CDVReachability.m in Sources */ = {isa = PBXBuildFile; fileRef = 76BB7CA9B22E43F8AD04DAD9 /* CDVReachability.m */; };
		F0584079106A4EEEB3730767 /* SystemConfiguration.framework in Frameworks */ = {isa = PBXBuildFile; fileRef = 7AF03CCB9F884B18AD720D5B /* SystemConfiguration.framework */; settings = {ATTRIBUTES = (Weak, ); }; };
		99B7EC0FA56A4C158FCFCA88 /* CoreTelephony.framework in Frameworks */ = {isa = PBXBuildFile; fileRef = 5C2E7C75AC5547C685FE1FEC /* CoreTelephony.framework */; };
		0BDFC4E7303749CBBCAC1922 /* CDVStatusBar.m in Sources */ = {isa = PBXBuildFile; fileRef = 41A6776FA73F4F85B70940A0 /* CDVStatusBar.m */; };
		9CBD4D424EBD4BF4B2B48228 /* NSString+SSURLEncoding.m in Sources */ = {isa = PBXBuildFile; fileRef = C772485AB9804A679DBECDBA /* NSString+SSURLEncoding.m */; };
		370E8B024767440F9E408A4A /* SocialSharing.m in Sources */ = {isa = PBXBuildFile; fileRef = 7A42554DD23F403391902BEA /* SocialSharing.m */; };
		F005D2DE69CA443D8E1537E5 /* Social.framework in Frameworks */ = {isa = PBXBuildFile; fileRef = 2415E9E4FE1F49EEA9C4C3E1 /* Social.framework */; settings = {ATTRIBUTES = (Weak, ); }; };
		66B7DC9201974EB09986B112 /* MessageUI.framework in Frameworks */ = {isa = PBXBuildFile; fileRef = 4E9B0FC3839B4DB19DB29BAE /* MessageUI.framework */; settings = {ATTRIBUTES = (Weak, ); }; };
/* End PBXBuildFile section */

/* Begin PBXContainerItemProxy section */
		301BF534109A57CC0062928A /* PBXContainerItemProxy */ = {
			isa = PBXContainerItemProxy;
			containerPortal = 301BF52D109A57CC0062928A /* CordovaLib.xcodeproj */;
			proxyType = 2;
			remoteGlobalIDString = D2AAC07E0554694100DB518D;
			remoteInfo = CordovaLib;
		};
		301BF550109A68C00062928A /* PBXContainerItemProxy */ = {
			isa = PBXContainerItemProxy;
			containerPortal = 301BF52D109A57CC0062928A /* CordovaLib.xcodeproj */;
			proxyType = 1;
			remoteGlobalIDString = D2AAC07D0554694100DB518D;
			remoteInfo = CordovaLib;
		};
/* End PBXContainerItemProxy section */

/* Begin PBXFileReference section */
		0207DA571B56EA530066E2B4 /* Images.xcassets */ = {isa = PBXFileReference; lastKnownFileType = folder.assetcatalog; name = Images.xcassets; path = "Ismea Arredamenti/Images.xcassets"; sourceTree = SOURCE_ROOT; };
		1D3623240D0F684500981E51 /* AppDelegate.h */ = {isa = PBXFileReference; fileEncoding = 4; lastKnownFileType = sourcecode.c.h; path = AppDelegate.h; sourceTree = "<group>"; };
		1D3623250D0F684500981E51 /* AppDelegate.m */ = {isa = PBXFileReference; fileEncoding = 4; lastKnownFileType = sourcecode.c.objc; path = AppDelegate.m; sourceTree = "<group>"; };
		1D6058910D05DD3D006BFB54 /* Ismea Arredamenti.app */ = {isa = PBXFileReference; explicitFileType = wrapper.application; includeInIndex = 0; path = "Ismea Arredamenti.app"; sourceTree = BUILT_PRODUCTS_DIR; };
		29B97316FDCFA39411CA2CEA /* main.m */ = {isa = PBXFileReference; fileEncoding = 4; lastKnownFileType = sourcecode.c.objc; path = main.m; sourceTree = "<group>"; };
		301BF52D109A57CC0062928A /* CordovaLib.xcodeproj */ = {isa = PBXFileReference; lastKnownFileType = "wrapper.pb-project"; name = CordovaLib.xcodeproj; path = CordovaLib/CordovaLib.xcodeproj; sourceTree = "<group>"; };
		301BF56E109A69640062928A /* www */ = {isa = PBXFileReference; lastKnownFileType = folder; path = www; sourceTree = SOURCE_ROOT; };
		302D95EE14D2391D003F00A1 /* MainViewController.h */ = {isa = PBXFileReference; fileEncoding = 4; lastKnownFileType = sourcecode.c.h; path = MainViewController.h; sourceTree = "<group>"; };
		302D95EF14D2391D003F00A1 /* MainViewController.m */ = {isa = PBXFileReference; fileEncoding = 4; lastKnownFileType = sourcecode.c.objc; path = MainViewController.m; sourceTree = "<group>"; };
		302D95F014D2391D003F00A1 /* MainViewController.xib */ = {isa = PBXFileReference; fileEncoding = 4; lastKnownFileType = file.xib; path = MainViewController.xib; sourceTree = "<group>"; };
		3047A50F1AB8059700498E2A /* build-debug.xcconfig */ = {isa = PBXFileReference; fileEncoding = 4; lastKnownFileType = text.xcconfig; name = "build-debug.xcconfig"; path = cordova/build-debug.xcconfig; sourceTree = SOURCE_ROOT; };
		3047A5101AB8059700498E2A /* build-release.xcconfig */ = {isa = PBXFileReference; fileEncoding = 4; lastKnownFileType = text.xcconfig; name = "build-release.xcconfig"; path = cordova/build-release.xcconfig; sourceTree = SOURCE_ROOT; };
		3047A5111AB8059700498E2A /* build.xcconfig */ = {isa = PBXFileReference; fileEncoding = 4; lastKnownFileType = text.xcconfig; name = build.xcconfig; path = cordova/build.xcconfig; sourceTree = SOURCE_ROOT; };
		32CA4F630368D1EE00C91783 /* Ismea Arredamenti-Prefix.pch */ = {isa = PBXFileReference; fileEncoding = 4; lastKnownFileType = sourcecode.c.h; path = "Ismea Arredamenti-Prefix.pch"; sourceTree = "<group>"; };
		6AFF5BF81D6E424B00AB3073 /* CDVLaunchScreen.storyboard */ = {isa = PBXFileReference; fileEncoding = 4; lastKnownFileType = file.storyboard; name = CDVLaunchScreen.storyboard; path = "Ismea Arredamenti/CDVLaunchScreen.storyboard"; sourceTree = SOURCE_ROOT; };
		8D1107310486CEB800E47090 /* Ismea Arredamenti-Info.plist */ = {isa = PBXFileReference; fileEncoding = 4; lastKnownFileType = text.plist.xml; name = "Ismea Arredamenti-Info.plist"; path = "Ismea Arredamenti/Ismea Arredamenti-Info.plist"; plistStructureDefinitionIdentifier = "com.apple.xcode.plist.structure-definition.iphone.info-plist"; sourceTree = SOURCE_ROOT; };
		EB87FDF31871DA8E0020F90C /* www */ = {isa = PBXFileReference; lastKnownFileType = folder; name = www; path = ../../www; sourceTree = "<group>"; };
		EB87FDF41871DAF40020F90C /* config.xml */ = {isa = PBXFileReference; lastKnownFileType = text.xml; name = config.xml; path = ../../config.xml; sourceTree = "<group>"; };
		F840E1F0165FE0F500CFE078 /* config.xml */ = {isa = PBXFileReference; lastKnownFileType = text.xml; name = config.xml; path = "Ismea Arredamenti/config.xml"; sourceTree = "<group>"; };
		ED33DF2A687741AEAF9F8254 /* Bridging-Header.h */ = {isa = PBXFileReference; fileEncoding = 4; lastKnownFileType = sourcecode.c.h; name = "Bridging-Header.h"; path = "Bridging-Header.h"; sourceTree = "<group>"; };
		215FE88428654557A72C1C1F /* AppDelegate+notification.m */ = {isa = PBXFileReference; name = "AppDelegate+notification.m"; path = "phonegap-plugin-push/AppDelegate+notification.m"; sourceTree = "<group>"; fileEncoding = 4; lastKnownFileType = sourcecode.c.objc; explicitFileType = undefined; includeInIndex = 0; };
		1A2D5D2A4DA44F2F894F8633 /* PushPlugin.m */ = {isa = PBXFileReference; name = "PushPlugin.m"; path = "phonegap-plugin-push/PushPlugin.m"; sourceTree = "<group>"; fileEncoding = 4; lastKnownFileType = sourcecode.c.objc; explicitFileType = undefined; includeInIndex = 0; };
		EAF837B83AC745188CD05EF6 /* libGGLCloudMessaging.a */ = {isa = PBXFileReference; name = "libGGLCloudMessaging.a"; path = "Ismea Arredamenti/Plugins/phonegap-plugin-push/GCM/Libraries/libGGLCloudMessaging.a"; sourceTree = "<group>"; fileEncoding = undefined; lastKnownFileType = archive.ar; explicitFileType = undefined; includeInIndex = 0; };
		886D573B74844B04A916E02E /* libGGLCore.a */ = {isa = PBXFileReference; name = "libGGLCore.a"; path = "Ismea Arredamenti/Plugins/phonegap-plugin-push/GCM/Libraries/libGGLCore.a"; sourceTree = "<group>"; fileEncoding = undefined; lastKnownFileType = archive.ar; explicitFileType = undefined; includeInIndex = 0; };
		2A3C8B65FF4741D4AD4F0E05 /* libGGLInstanceIDLib.a */ = {isa = PBXFileReference; name = "libGGLInstanceIDLib.a"; path = "Ismea Arredamenti/Plugins/phonegap-plugin-push/GCM/Libraries/libGGLInstanceIDLib.a"; sourceTree = "<group>"; fileEncoding = undefined; lastKnownFileType = archive.ar; explicitFileType = undefined; includeInIndex = 0; };
		65CCCBC5FFC8442AAB92A24E /* libGIP_Reachability.a */ = {isa = PBXFileReference; name = "libGIP_Reachability.a"; path = "Ismea Arredamenti/Plugins/phonegap-plugin-push/GCM/Libraries/libGIP_Reachability.a"; sourceTree = "<group>"; fileEncoding = undefined; lastKnownFileType = archive.ar; explicitFileType = undefined; includeInIndex = 0; };
		1D403200976D4863A8F197A5 /* libGSDK_Overload.a */ = {isa = PBXFileReference; name = "libGSDK_Overload.a"; path = "Ismea Arredamenti/Plugins/phonegap-plugin-push/GCM/Libraries/libGSDK_Overload.a"; sourceTree = "<group>"; fileEncoding = undefined; lastKnownFileType = archive.ar; explicitFileType = undefined; includeInIndex = 0; };
		F1BD865C55DA44899494792B /* libGTMSessionFetcher_core.a */ = {isa = PBXFileReference; name = "libGTMSessionFetcher_core.a"; path = "Ismea Arredamenti/Plugins/phonegap-plugin-push/GCM/Libraries/libGTMSessionFetcher_core.a"; sourceTree = "<group>"; fileEncoding = undefined; lastKnownFileType = archive.ar; explicitFileType = undefined; includeInIndex = 0; };
		A32006947AF14D009221E1BD /* libGTMSessionFetcher_full.a */ = {isa = PBXFileReference; name = "libGTMSessionFetcher_full.a"; path = "Ismea Arredamenti/Plugins/phonegap-plugin-push/GCM/Libraries/libGTMSessionFetcher_full.a"; sourceTree = "<group>"; fileEncoding = undefined; lastKnownFileType = archive.ar; explicitFileType = undefined; includeInIndex = 0; };
		D50661B18661417E94258589 /* libGTMStackTrace.a */ = {isa = PBXFileReference; name = "libGTMStackTrace.a"; path = "Ismea Arredamenti/Plugins/phonegap-plugin-push/GCM/Libraries/libGTMStackTrace.a"; sourceTree = "<group>"; fileEncoding = undefined; lastKnownFileType = archive.ar; explicitFileType = undefined; includeInIndex = 0; };
		1E509C8201DE457287203C9C /* libGTM_AddressBook.a */ = {isa = PBXFileReference; name = "libGTM_AddressBook.a"; path = "Ismea Arredamenti/Plugins/phonegap-plugin-push/GCM/Libraries/libGTM_AddressBook.a"; sourceTree = "<group>"; fileEncoding = undefined; lastKnownFileType = archive.ar; explicitFileType = undefined; includeInIndex = 0; };
		46812B80420B42DDBC7BDF02 /* libGTM_DebugUtils.a */ = {isa = PBXFileReference; name = "libGTM_DebugUtils.a"; path = "Ismea Arredamenti/Plugins/phonegap-plugin-push/GCM/Libraries/libGTM_DebugUtils.a"; sourceTree = "<group>"; fileEncoding = undefined; lastKnownFileType = archive.ar; explicitFileType = undefined; includeInIndex = 0; };
		8046356A0DDD448B958424E4 /* libGTM_GTMURLBuilder.a */ = {isa = PBXFileReference; name = "libGTM_GTMURLBuilder.a"; path = "Ismea Arredamenti/Plugins/phonegap-plugin-push/GCM/Libraries/libGTM_GTMURLBuilder.a"; sourceTree = "<group>"; fileEncoding = undefined; lastKnownFileType = archive.ar; explicitFileType = undefined; includeInIndex = 0; };
		B28E89445C3C4D1C9E0418C6 /* libGTM_KVO.a */ = {isa = PBXFileReference; name = "libGTM_KVO.a"; path = "Ismea Arredamenti/Plugins/phonegap-plugin-push/GCM/Libraries/libGTM_KVO.a"; sourceTree = "<group>"; fileEncoding = undefined; lastKnownFileType = archive.ar; explicitFileType = undefined; includeInIndex = 0; };
		3C3FE2D61CBA47628D0C6EF1 /* libGTM_NSData+zlib.a */ = {isa = PBXFileReference; name = "libGTM_NSData+zlib.a"; path = "Ismea Arredamenti/Plugins/phonegap-plugin-push/GCM/Libraries/libGTM_NSData+zlib.a"; sourceTree = "<group>"; fileEncoding = undefined; lastKnownFileType = archive.ar; explicitFileType = undefined; includeInIndex = 0; };
		7FD7F493579043D1BABA2CE2 /* libGTM_NSDictionary+URLArguments.a */ = {isa = PBXFileReference; name = "libGTM_NSDictionary+URLArguments.a"; path = "Ismea Arredamenti/Plugins/phonegap-plugin-push/GCM/Libraries/libGTM_NSDictionary+URLArguments.a"; sourceTree = "<group>"; fileEncoding = undefined; lastKnownFileType = archive.ar; explicitFileType = undefined; includeInIndex = 0; };
		7A13EB6847484C09AA07F713 /* libGTM_NSScannerJSON.a */ = {isa = PBXFileReference; name = "libGTM_NSScannerJSON.a"; path = "Ismea Arredamenti/Plugins/phonegap-plugin-push/GCM/Libraries/libGTM_NSScannerJSON.a"; sourceTree = "<group>"; fileEncoding = undefined; lastKnownFileType = archive.ar; explicitFileType = undefined; includeInIndex = 0; };
		C249B66E1A6942E783D43F6C /* libGTM_NSStringHTML.a */ = {isa = PBXFileReference; name = "libGTM_NSStringHTML.a"; path = "Ismea Arredamenti/Plugins/phonegap-plugin-push/GCM/Libraries/libGTM_NSStringHTML.a"; sourceTree = "<group>"; fileEncoding = undefined; lastKnownFileType = archive.ar; explicitFileType = undefined; includeInIndex = 0; };
		A98A9E7B212D4760A33EE1E5 /* libGTM_NSStringXML.a */ = {isa = PBXFileReference; name = "libGTM_NSStringXML.a"; path = "Ismea Arredamenti/Plugins/phonegap-plugin-push/GCM/Libraries/libGTM_NSStringXML.a"; sourceTree = "<group>"; fileEncoding = undefined; lastKnownFileType = archive.ar; explicitFileType = undefined; includeInIndex = 0; };
		E573C04443A34D549158F146 /* libGTM_Regex.a */ = {isa = PBXFileReference; name = "libGTM_Regex.a"; path = "Ismea Arredamenti/Plugins/phonegap-plugin-push/GCM/Libraries/libGTM_Regex.a"; sourceTree = "<group>"; fileEncoding = undefined; lastKnownFileType = archive.ar; explicitFileType = undefined; includeInIndex = 0; };
		0B6B3FE274B54A069E1DBAE0 /* libGTM_RoundedRectPath.a */ = {isa = PBXFileReference; name = "libGTM_RoundedRectPath.a"; path = "Ismea Arredamenti/Plugins/phonegap-plugin-push/GCM/Libraries/libGTM_RoundedRectPath.a"; sourceTree = "<group>"; fileEncoding = undefined; lastKnownFileType = archive.ar; explicitFileType = undefined; includeInIndex = 0; };
		2D493E40224B440596DEA0C7 /* libGTM_StringEncoding.a */ = {isa = PBXFileReference; name = "libGTM_StringEncoding.a"; path = "Ismea Arredamenti/Plugins/phonegap-plugin-push/GCM/Libraries/libGTM_StringEncoding.a"; sourceTree = "<group>"; fileEncoding = undefined; lastKnownFileType = archive.ar; explicitFileType = undefined; includeInIndex = 0; };
		9295A170B7684CA39EBC2773 /* libGTM_SystemVersion.a */ = {isa = PBXFileReference; name = "libGTM_SystemVersion.a"; path = "Ismea Arredamenti/Plugins/phonegap-plugin-push/GCM/Libraries/libGTM_SystemVersion.a"; sourceTree = "<group>"; fileEncoding = undefined; lastKnownFileType = archive.ar; explicitFileType = undefined; includeInIndex = 0; };
		C793886EA1D04C8D902F1821 /* libGTM_UIFont+LineHeight.a */ = {isa = PBXFileReference; name = "libGTM_UIFont+LineHeight.a"; path = "Ismea Arredamenti/Plugins/phonegap-plugin-push/GCM/Libraries/libGTM_UIFont+LineHeight.a"; sourceTree = "<group>"; fileEncoding = undefined; lastKnownFileType = archive.ar; explicitFileType = undefined; includeInIndex = 0; };
		7AEBD6809A964CB2BB9F9733 /* libGTM_core.a */ = {isa = PBXFileReference; name = "libGTM_core.a"; path = "Ismea Arredamenti/Plugins/phonegap-plugin-push/GCM/Libraries/libGTM_core.a"; sourceTree = "<group>"; fileEncoding = undefined; lastKnownFileType = archive.ar; explicitFileType = undefined; includeInIndex = 0; };
		3E1BAC4108434551BCC019D4 /* libGTM_iPhone.a */ = {isa = PBXFileReference; name = "libGTM_iPhone.a"; path = "Ismea Arredamenti/Plugins/phonegap-plugin-push/GCM/Libraries/libGTM_iPhone.a"; sourceTree = "<group>"; fileEncoding = undefined; lastKnownFileType = archive.ar; explicitFileType = undefined; includeInIndex = 0; };
		FEDE86D7AFC74BF683304EB0 /* libGcmLib.a */ = {isa = PBXFileReference; name = "libGcmLib.a"; path = "Ismea Arredamenti/Plugins/phonegap-plugin-push/GCM/Libraries/libGcmLib.a"; sourceTree = "<group>"; fileEncoding = undefined; lastKnownFileType = archive.ar; explicitFileType = undefined; includeInIndex = 0; };
		578BA250DA8F4F419D41FEA8 /* libProtocolBuffers.a */ = {isa = PBXFileReference; name = "libProtocolBuffers.a"; path = "Ismea Arredamenti/Plugins/phonegap-plugin-push/GCM/Libraries/libProtocolBuffers.a"; sourceTree = "<group>"; fileEncoding = undefined; lastKnownFileType = archive.ar; explicitFileType = undefined; includeInIndex = 0; };
		2CC4E6AA30F34A99A68AD6FB /* AppDelegate+notification.h */ = {isa = PBXFileReference; name = "AppDelegate+notification.h"; path = "phonegap-plugin-push/AppDelegate+notification.h"; sourceTree = "<group>"; fileEncoding = 4; lastKnownFileType = sourcecode.c.h; explicitFileType = undefined; includeInIndex = 0; };
		0C08A960EC034E5EBB5FECBC /* PushPlugin.h */ = {isa = PBXFileReference; name = "PushPlugin.h"; path = "phonegap-plugin-push/PushPlugin.h"; sourceTree = "<group>"; fileEncoding = 4; lastKnownFileType = sourcecode.c.h; explicitFileType = undefined; includeInIndex = 0; };
		5AACE0255F96449AA7C9CC52 /* GGLInstanceID.h */ = {isa = PBXFileReference; name = "GGLInstanceID.h"; path = "phonegap-plugin-push/GCM/Headers/GGLInstanceID.h"; sourceTree = "<group>"; fileEncoding = 4; lastKnownFileType = sourcecode.c.h; explicitFileType = undefined; includeInIndex = 0; };
		E3F3DCFF42504A779AF0B60A /* GGLInstanceIDConfig.h */ = {isa = PBXFileReference; name = "GGLInstanceIDConfig.h"; path = "phonegap-plugin-push/GCM/Headers/GGLInstanceIDConfig.h"; sourceTree = "<group>"; fileEncoding = 4; lastKnownFileType = sourcecode.c.h; explicitFileType = undefined; includeInIndex = 0; };
		BA9688F393A74EC680835880 /* GGLInstanceIDDelegate.h */ = {isa = PBXFileReference; name = "GGLInstanceIDDelegate.h"; path = "phonegap-plugin-push/GCM/Headers/GGLInstanceIDDelegate.h"; sourceTree = "<group>"; fileEncoding = 4; lastKnownFileType = sourcecode.c.h; explicitFileType = undefined; includeInIndex = 0; };
		ED66CF4CCE2D46298E6CCAFE /* GGLInstanceIDHeaders.h */ = {isa = PBXFileReference; name = "GGLInstanceIDHeaders.h"; path = "phonegap-plugin-push/GCM/Headers/GGLInstanceIDHeaders.h"; sourceTree = "<group>"; fileEncoding = 4; lastKnownFileType = sourcecode.c.h; explicitFileType = undefined; includeInIndex = 0; };
		9BD5DBE8867742429223656A /* CloudMessaging.h */ = {isa = PBXFileReference; name = "CloudMessaging.h"; path = "phonegap-plugin-push/GCM/Headers/CloudMessaging.h"; sourceTree = "<group>"; fileEncoding = 4; lastKnownFileType = sourcecode.c.h; explicitFileType = undefined; includeInIndex = 0; };
		CCE4579B8F1041B593E8B989 /* GGLContext+CloudMessaging.h */ = {isa = PBXFileReference; name = "GGLContext+CloudMessaging.h"; path = "phonegap-plugin-push/GCM/Headers/GGLContext+CloudMessaging.h"; sourceTree = "<group>"; fileEncoding = 4; lastKnownFileType = sourcecode.c.h; explicitFileType = undefined; includeInIndex = 0; };
		1A2AC835BB56483B9F4ACED9 /* Core.h */ = {isa = PBXFileReference; name = "Core.h"; path = "phonegap-plugin-push/GCM/Headers/Core.h"; sourceTree = "<group>"; fileEncoding = 4; lastKnownFileType = sourcecode.c.h; explicitFileType = undefined; includeInIndex = 0; };
		7593BD524C9F4B1F85ECF6B3 /* GGLConfiguration.h */ = {isa = PBXFileReference; name = "GGLConfiguration.h"; path = "phonegap-plugin-push/GCM/Headers/GGLConfiguration.h"; sourceTree = "<group>"; fileEncoding = 4; lastKnownFileType = sourcecode.c.h; explicitFileType = undefined; includeInIndex = 0; };
		168F28E628854DF4828AED82 /* GGLContext.h */ = {isa = PBXFileReference; name = "GGLContext.h"; path = "phonegap-plugin-push/GCM/Headers/GGLContext.h"; sourceTree = "<group>"; fileEncoding = 4; lastKnownFileType = sourcecode.c.h; explicitFileType = undefined; includeInIndex = 0; };
		F8A5391D034749ACB59D7BC3 /* GGLErrorCode.h */ = {isa = PBXFileReference; name = "GGLErrorCode.h"; path = "phonegap-plugin-push/GCM/Headers/GGLErrorCode.h"; sourceTree = "<group>"; fileEncoding = 4; lastKnownFileType = sourcecode.c.h; explicitFileType = undefined; includeInIndex = 0; };
		39AC5A1F37A04D6CB7036F05 /* GCMConfig.h */ = {isa = PBXFileReference; name = "GCMConfig.h"; path = "phonegap-plugin-push/GCM/Headers/GCMConfig.h"; sourceTree = "<group>"; fileEncoding = 4; lastKnownFileType = sourcecode.c.h; explicitFileType = undefined; includeInIndex = 0; };
		D2F4137A71BF4BA29128365A /* GCMPubSub.h */ = {isa = PBXFileReference; name = "GCMPubSub.h"; path = "phonegap-plugin-push/GCM/Headers/GCMPubSub.h"; sourceTree = "<group>"; fileEncoding = 4; lastKnownFileType = sourcecode.c.h; explicitFileType = undefined; includeInIndex = 0; };
		DC0E47D0CD1B48BFAFF8CC7A /* GCMReceiverDelegate.h */ = {isa = PBXFileReference; name = "GCMReceiverDelegate.h"; path = "phonegap-plugin-push/GCM/Headers/GCMReceiverDelegate.h"; sourceTree = "<group>"; fileEncoding = 4; lastKnownFileType = sourcecode.c.h; explicitFileType = undefined; includeInIndex = 0; };
		0294495A00724FD0B6DEC0D4 /* GCMService.h */ = {isa = PBXFileReference; name = "GCMService.h"; path = "phonegap-plugin-push/GCM/Headers/GCMService.h"; sourceTree = "<group>"; fileEncoding = 4; lastKnownFileType = sourcecode.c.h; explicitFileType = undefined; includeInIndex = 0; };
		CE73E32EF3964904B20F32C9 /* GoogleCloudMessaging.h */ = {isa = PBXFileReference; name = "GoogleCloudMessaging.h"; path = "phonegap-plugin-push/GCM/Headers/GoogleCloudMessaging.h"; sourceTree = "<group>"; fileEncoding = 4; lastKnownFileType = sourcecode.c.h; explicitFileType = undefined; includeInIndex = 0; };
		00673727418F415CB88EC1D6 /* AddressBook.framework */ = {isa = PBXFileReference; name = "AddressBook.framework"; path = "System/Library/Frameworks/AddressBook.framework"; sourceTree = SDKROOT; fileEncoding = undefined; lastKnownFileType = wrapper.framework; explicitFileType = undefined; includeInIndex = 0; };
		B01921EF95424F22AD7369D9 /* libsqlite3.tbd */ = {isa = PBXFileReference; name = "libsqlite3.tbd"; path = "usr/lib/libsqlite3.tbd"; sourceTree = SDKROOT; fileEncoding = undefined; lastKnownFileType = sourcecode.text-based-dylib-definition; explicitFileType = undefined; includeInIndex = 0; };
		FF733ED31B90459B946169C7 /* libz.tbd */ = {isa = PBXFileReference; name = "libz.tbd"; path = "usr/lib/libz.tbd"; sourceTree = SDKROOT; fileEncoding = undefined; lastKnownFileType = sourcecode.text-based-dylib-definition; explicitFileType = undefined; includeInIndex = 0; };
		F60ABC7BFA5A4C98B3F83175 /* CDVDevice.m */ = {isa = PBXFileReference; name = "CDVDevice.m"; path = "cordova-plugin-device/CDVDevice.m"; sourceTree = "<group>"; fileEncoding = 4; lastKnownFileType = sourcecode.c.objc; explicitFileType = undefined; includeInIndex = 0; };
		C890414B975140488CC94EBB /* CDVDevice.h */ = {isa = PBXFileReference; name = "CDVDevice.h"; path = "cordova-plugin-device/CDVDevice.h"; sourceTree = "<group>"; fileEncoding = 4; lastKnownFileType = sourcecode.c.h; explicitFileType = undefined; includeInIndex = 0; };
		FEB2F18AFB444048A626A0C0 /* CDVNotification.m */ = {isa = PBXFileReference; name = "CDVNotification.m"; path = "cordova-plugin-dialogs/CDVNotification.m"; sourceTree = "<group>"; fileEncoding = 4; lastKnownFileType = sourcecode.c.objc; explicitFileType = undefined; includeInIndex = 0; };
		6C2D41606EC046348886BAA6 /* CDVNotification.h */ = {isa = PBXFileReference; name = "CDVNotification.h"; path = "cordova-plugin-dialogs/CDVNotification.h"; sourceTree = "<group>"; fileEncoding = 4; lastKnownFileType = sourcecode.c.h; explicitFileType = undefined; includeInIndex = 0; };
		F7715651049E4B6FB70DB332 /* CDVNotification.bundle */ = {isa = PBXFileReference; name = "CDVNotification.bundle"; path = "CDVNotification.bundle"; sourceTree = "<group>"; fileEncoding = undefined; lastKnownFileType = wrapper.plug-in; explicitFileType = undefined; includeInIndex = 0; };
		AE8E81AE945B4E67B79EDDBF /* AudioToolbox.framework */ = {isa = PBXFileReference; name = "AudioToolbox.framework"; path = "System/Library/Frameworks/AudioToolbox.framework"; sourceTree = SDKROOT; fileEncoding = undefined; lastKnownFileType = wrapper.framework; explicitFileType = undefined; includeInIndex = 0; };
		17D75E43F29B4E5EA124CB6C /* CDVInAppBrowser.m */ = {isa = PBXFileReference; name = "CDVInAppBrowser.m"; path = "cordova-plugin-inappbrowser/CDVInAppBrowser.m"; sourceTree = "<group>"; fileEncoding = 4; lastKnownFileType = sourcecode.c.objc; explicitFileType = undefined; includeInIndex = 0; };
		8211A04D9F624F9199834E90 /* CDVInAppBrowser.h */ = {isa = PBXFileReference; name = "CDVInAppBrowser.h"; path = "cordova-plugin-inappbrowser/CDVInAppBrowser.h"; sourceTree = "<group>"; fileEncoding = 4; lastKnownFileType = sourcecode.c.h; explicitFileType = undefined; includeInIndex = 0; };
		620C5EDF5FE44AB0BD1D33A1 /* CDVConnection.m */ = {isa = PBXFileReference; name = "CDVConnection.m"; path = "cordova-plugin-network-information/CDVConnection.m"; sourceTree = "<group>"; fileEncoding = 4; lastKnownFileType = sourcecode.c.objc; explicitFileType = undefined; includeInIndex = 0; };
		76BB7CA9B22E43F8AD04DAD9 /* CDVReachability.m */ = {isa = PBXFileReference; name = "CDVReachability.m"; path = "cordova-plugin-network-information/CDVReachability.m"; sourceTree = "<group>"; fileEncoding = 4; lastKnownFileType = sourcecode.c.objc; explicitFileType = undefined; includeInIndex = 0; };
		0B70AC16464B4FE0959A162C /* CDVConnection.h */ = {isa = PBXFileReference; name = "CDVConnection.h"; path = "cordova-plugin-network-information/CDVConnection.h"; sourceTree = "<group>"; fileEncoding = 4; lastKnownFileType = sourcecode.c.h; explicitFileType = undefined; includeInIndex = 0; };
		F3654F6D407241A2A6A221E4 /* CDVReachability.h */ = {isa = PBXFileReference; name = "CDVReachability.h"; path = "cordova-plugin-network-information/CDVReachability.h"; sourceTree = "<group>"; fileEncoding = 4; lastKnownFileType = sourcecode.c.h; explicitFileType = undefined; includeInIndex = 0; };
		7AF03CCB9F884B18AD720D5B /* SystemConfiguration.framework */ = {isa = PBXFileReference; name = "SystemConfiguration.framework"; path = "System/Library/Frameworks/SystemConfiguration.framework"; sourceTree = SDKROOT; fileEncoding = undefined; lastKnownFileType = wrapper.framework; explicitFileType = undefined; includeInIndex = 0; };
		5C2E7C75AC5547C685FE1FEC /* CoreTelephony.framework */ = {isa = PBXFileReference; name = "CoreTelephony.framework"; path = "System/Library/Frameworks/CoreTelephony.framework"; sourceTree = SDKROOT; fileEncoding = undefined; lastKnownFileType = wrapper.framework; explicitFileType = undefined; includeInIndex = 0; };
		41A6776FA73F4F85B70940A0 /* CDVStatusBar.m */ = {isa = PBXFileReference; name = "CDVStatusBar.m"; path = "cordova-plugin-statusbar/CDVStatusBar.m"; sourceTree = "<group>"; fileEncoding = 4; lastKnownFileType = sourcecode.c.objc; explicitFileType = undefined; includeInIndex = 0; };
		2F054601F4F24B438F842679 /* CDVStatusBar.h */ = {isa = PBXFileReference; name = "CDVStatusBar.h"; path = "cordova-plugin-statusbar/CDVStatusBar.h"; sourceTree = "<group>"; fileEncoding = 4; lastKnownFileType = sourcecode.c.h; explicitFileType = undefined; includeInIndex = 0; };
		C772485AB9804A679DBECDBA /* NSString+SSURLEncoding.m */ = {isa = PBXFileReference; name = "NSString+SSURLEncoding.m"; path = "cordova-plugin-x-socialsharing/NSString+SSURLEncoding.m"; sourceTree = "<group>"; fileEncoding = 4; lastKnownFileType = sourcecode.c.objc; explicitFileType = undefined; includeInIndex = 0; };
		7A42554DD23F403391902BEA /* SocialSharing.m */ = {isa = PBXFileReference; name = "SocialSharing.m"; path = "cordova-plugin-x-socialsharing/SocialSharing.m"; sourceTree = "<group>"; fileEncoding = 4; lastKnownFileType = sourcecode.c.objc; explicitFileType = undefined; includeInIndex = 0; };
		45F61AA43BE5425792C4FF02 /* NSString+SSURLEncoding.h */ = {isa = PBXFileReference; name = "NSString+SSURLEncoding.h"; path = "cordova-plugin-x-socialsharing/NSString+SSURLEncoding.h"; sourceTree = "<group>"; fileEncoding = 4; lastKnownFileType = sourcecode.c.h; explicitFileType = undefined; includeInIndex = 0; };
		19FB4A3CEBA64656A44B5E50 /* SocialSharing.h */ = {isa = PBXFileReference; name = "SocialSharing.h"; path = "cordova-plugin-x-socialsharing/SocialSharing.h"; sourceTree = "<group>"; fileEncoding = 4; lastKnownFileType = sourcecode.c.h; explicitFileType = undefined; includeInIndex = 0; };
		2415E9E4FE1F49EEA9C4C3E1 /* Social.framework */ = {isa = PBXFileReference; name = "Social.framework"; path = "System/Library/Frameworks/Social.framework"; sourceTree = SDKROOT; fileEncoding = undefined; lastKnownFileType = wrapper.framework; explicitFileType = undefined; includeInIndex = 0; };
		4E9B0FC3839B4DB19DB29BAE /* MessageUI.framework */ = {isa = PBXFileReference; name = "MessageUI.framework"; path = "System/Library/Frameworks/MessageUI.framework"; sourceTree = SDKROOT; fileEncoding = undefined; lastKnownFileType = wrapper.framework; explicitFileType = undefined; includeInIndex = 0; };
/* End PBXFileReference section */

/* Begin PBXFrameworksBuildPhase section */
		1D60588F0D05DD3D006BFB54 /* Frameworks */ = {
			isa = PBXFrameworksBuildPhase;
			buildActionMask = 2147483647;
			files = (
				301BF552109A68D80062928A /* libCordova.a in Frameworks */,
				9512866DD496428E9D4A4085 /* libGGLCloudMessaging.a in Frameworks */,
				46E27E5E95E7442AA52BD356 /* libGGLCore.a in Frameworks */,
				968A874042804338A99A5DD7 /* libGGLInstanceIDLib.a in Frameworks */,
				8A62F54C2DEE41F29C3C4637 /* libGIP_Reachability.a in Frameworks */,
				BDE31D4C450C4A3990217BB1 /* libGSDK_Overload.a in Frameworks */,
				DFAE4043E65D49B49F81257C /* libGTMSessionFetcher_core.a in Frameworks */,
				48F356FD174E4D818C048828 /* libGTMSessionFetcher_full.a in Frameworks */,
				3511DD54FDC347EEA73CE1C4 /* libGTMStackTrace.a in Frameworks */,
				E65974322BCC4C4DA62512FD /* libGTM_AddressBook.a in Frameworks */,
				E7BC1FE4210D4E6BBD5C4134 /* libGTM_DebugUtils.a in Frameworks */,
				2052D037C5A345ECB6EE6B52 /* libGTM_GTMURLBuilder.a in Frameworks */,
				41D63A45D9A74C189163D53C /* libGTM_KVO.a in Frameworks */,
				BDDA35A053E84EE99AA5A03C /* libGTM_NSData+zlib.a in Frameworks */,
				2A7F482DFC184A54A3A4AEE5 /* libGTM_NSDictionary+URLArguments.a in Frameworks */,
				7DFD0CCC1365423D8B6B1651 /* libGTM_NSScannerJSON.a in Frameworks */,
				B83016CE72DB4AE9B5967972 /* libGTM_NSStringHTML.a in Frameworks */,
				B52A8CD515D9462C9D3B41EB /* libGTM_NSStringXML.a in Frameworks */,
				FBD69FD8B33D4DE8801F9A0F /* libGTM_Regex.a in Frameworks */,
				1C8CB496081242298BA1443F /* libGTM_RoundedRectPath.a in Frameworks */,
				A958A6776A90421497EB0B82 /* libGTM_StringEncoding.a in Frameworks */,
				D666CD2463BA48F1BBF857E8 /* libGTM_SystemVersion.a in Frameworks */,
				587EDB60BAE440398059A781 /* libGTM_UIFont+LineHeight.a in Frameworks */,
				B96F4B1960F34F3D8DC9B2E5 /* libGTM_core.a in Frameworks */,
				661E50ADF1E748D4BEABDD97 /* libGTM_iPhone.a in Frameworks */,
				141642C0CA8144BDAFECC514 /* libGcmLib.a in Frameworks */,
				B8095DFEB33942B8933941EA /* libProtocolBuffers.a in Frameworks */,
				61520FDE55D14FD987BA3949 /* AddressBook.framework in Frameworks */,
				03E70482A3DA4ED7AD9A6976 /* libsqlite3.tbd in Frameworks */,
				3E4DD660CFC040418C342B5B /* libz.tbd in Frameworks */,
				A9305A96E98F4249BC5DB456 /* AudioToolbox.framework in Frameworks */,
				F0584079106A4EEEB3730767 /* SystemConfiguration.framework in Frameworks */,
				99B7EC0FA56A4C158FCFCA88 /* CoreTelephony.framework in Frameworks */,
				F005D2DE69CA443D8E1537E5 /* Social.framework in Frameworks */,
				66B7DC9201974EB09986B112 /* MessageUI.framework in Frameworks */,
			);
			runOnlyForDeploymentPostprocessing = 0;
		};
/* End PBXFrameworksBuildPhase section */

/* Begin PBXGroup section */
		080E96DDFE201D6D7F000001 /* Classes */ = {
			isa = PBXGroup;
			children = (
				302D95EE14D2391D003F00A1 /* MainViewController.h */,
				302D95EF14D2391D003F00A1 /* MainViewController.m */,
				302D95F014D2391D003F00A1 /* MainViewController.xib */,
				1D3623240D0F684500981E51 /* AppDelegate.h */,
				1D3623250D0F684500981E51 /* AppDelegate.m */,
			);
			name = Classes;
			path = "Ismea Arredamenti/Classes";
			sourceTree = SOURCE_ROOT;
		};
		19C28FACFE9D520D11CA2CBB /* Products */ = {
			isa = PBXGroup;
			children = (
				1D6058910D05DD3D006BFB54 /* Ismea Arredamenti.app */,
			);
			name = Products;
			sourceTree = "<group>";
		};
		29B97314FDCFA39411CA2CEA /* CustomTemplate */ = {
			isa = PBXGroup;
			children = (
				EB87FDF41871DAF40020F90C /* config.xml */,
				EB87FDF31871DA8E0020F90C /* www */,
				EB87FDF11871DA420020F90C /* Staging */,
				301BF52D109A57CC0062928A /* CordovaLib.xcodeproj */,
				080E96DDFE201D6D7F000001 /* Classes */,
				307C750510C5A3420062BCA9 /* Plugins */,
				29B97315FDCFA39411CA2CEA /* Other Sources */,
				29B97317FDCFA39411CA2CEA /* Resources */,
				29B97323FDCFA39411CA2CEA /* Frameworks */,
				19C28FACFE9D520D11CA2CBB /* Products */,
			);
			name = CustomTemplate;
			sourceTree = "<group>";
		};
		29B97315FDCFA39411CA2CEA /* Other Sources */ = {
			isa = PBXGroup;
			children = (
				32CA4F630368D1EE00C91783 /* Ismea Arredamenti-Prefix.pch */,
				29B97316FDCFA39411CA2CEA /* main.m */,
				ED33DF2A687741AEAF9F8254 /* Bridging-Header.h */,
			);
			name = "Other Sources";
			path = "Ismea Arredamenti";
			sourceTree = "<group>";
		};
		29B97317FDCFA39411CA2CEA /* Resources */ = {
			isa = PBXGroup;
			children = (
				0207DA571B56EA530066E2B4 /* Images.xcassets */,
				3047A50E1AB8057F00498E2A /* config */,
				8D1107310486CEB800E47090 /* Ismea Arredamenti-Info.plist */,
				6AFF5BF81D6E424B00AB3073 /* CDVLaunchScreen.storyboard */,
				F7715651049E4B6FB70DB332 /* CDVNotification.bundle */,
			);
			name = Resources;
			path = "Ismea Arredamenti/Resources";
			sourceTree = "<group>";
		};
		29B97323FDCFA39411CA2CEA /* Frameworks */ = {
			isa = PBXGroup;
			children = (
				EAF837B83AC745188CD05EF6 /* libGGLCloudMessaging.a */,
				886D573B74844B04A916E02E /* libGGLCore.a */,
				2A3C8B65FF4741D4AD4F0E05 /* libGGLInstanceIDLib.a */,
				65CCCBC5FFC8442AAB92A24E /* libGIP_Reachability.a */,
				1D403200976D4863A8F197A5 /* libGSDK_Overload.a */,
				F1BD865C55DA44899494792B /* libGTMSessionFetcher_core.a */,
				A32006947AF14D009221E1BD /* libGTMSessionFetcher_full.a */,
				D50661B18661417E94258589 /* libGTMStackTrace.a */,
				1E509C8201DE457287203C9C /* libGTM_AddressBook.a */,
				46812B80420B42DDBC7BDF02 /* libGTM_DebugUtils.a */,
				8046356A0DDD448B958424E4 /* libGTM_GTMURLBuilder.a */,
				B28E89445C3C4D1C9E0418C6 /* libGTM_KVO.a */,
				3C3FE2D61CBA47628D0C6EF1 /* libGTM_NSData+zlib.a */,
				7FD7F493579043D1BABA2CE2 /* libGTM_NSDictionary+URLArguments.a */,
				7A13EB6847484C09AA07F713 /* libGTM_NSScannerJSON.a */,
				C249B66E1A6942E783D43F6C /* libGTM_NSStringHTML.a */,
				A98A9E7B212D4760A33EE1E5 /* libGTM_NSStringXML.a */,
				E573C04443A34D549158F146 /* libGTM_Regex.a */,
				0B6B3FE274B54A069E1DBAE0 /* libGTM_RoundedRectPath.a */,
				2D493E40224B440596DEA0C7 /* libGTM_StringEncoding.a */,
				9295A170B7684CA39EBC2773 /* libGTM_SystemVersion.a */,
				C793886EA1D04C8D902F1821 /* libGTM_UIFont+LineHeight.a */,
				7AEBD6809A964CB2BB9F9733 /* libGTM_core.a */,
				3E1BAC4108434551BCC019D4 /* libGTM_iPhone.a */,
				FEDE86D7AFC74BF683304EB0 /* libGcmLib.a */,
				578BA250DA8F4F419D41FEA8 /* libProtocolBuffers.a */,
				00673727418F415CB88EC1D6 /* AddressBook.framework */,
				B01921EF95424F22AD7369D9 /* libsqlite3.tbd */,
				FF733ED31B90459B946169C7 /* libz.tbd */,
				AE8E81AE945B4E67B79EDDBF /* AudioToolbox.framework */,
				7AF03CCB9F884B18AD720D5B /* SystemConfiguration.framework */,
				5C2E7C75AC5547C685FE1FEC /* CoreTelephony.framework */,
				2415E9E4FE1F49EEA9C4C3E1 /* Social.framework */,
				4E9B0FC3839B4DB19DB29BAE /* MessageUI.framework */,
			);
			name = Frameworks;
			sourceTree = "<group>";
		};
		301BF52E109A57CC0062928A /* Products */ = {
			isa = PBXGroup;
			children = (
				301BF535109A57CC0062928A /* libCordova.a */,
			);
			name = Products;
			sourceTree = "<group>";
		};
		3047A50E1AB8057F00498E2A /* config */ = {
			isa = PBXGroup;
			children = (
				3047A50F1AB8059700498E2A /* build-debug.xcconfig */,
				3047A5101AB8059700498E2A /* build-release.xcconfig */,
				3047A5111AB8059700498E2A /* build.xcconfig */,
			);
			name = config;
			sourceTree = "<group>";
		};
		307C750510C5A3420062BCA9 /* Plugins */ = {
			isa = PBXGroup;
			children = (
				215FE88428654557A72C1C1F /* AppDelegate+notification.m */,
				1A2D5D2A4DA44F2F894F8633 /* PushPlugin.m */,
				2CC4E6AA30F34A99A68AD6FB /* AppDelegate+notification.h */,
				0C08A960EC034E5EBB5FECBC /* PushPlugin.h */,
				5AACE0255F96449AA7C9CC52 /* GGLInstanceID.h */,
				E3F3DCFF42504A779AF0B60A /* GGLInstanceIDConfig.h */,
				BA9688F393A74EC680835880 /* GGLInstanceIDDelegate.h */,
				ED66CF4CCE2D46298E6CCAFE /* GGLInstanceIDHeaders.h */,
				9BD5DBE8867742429223656A /* CloudMessaging.h */,
				CCE4579B8F1041B593E8B989 /* GGLContext+CloudMessaging.h */,
				1A2AC835BB56483B9F4ACED9 /* Core.h */,
				7593BD524C9F4B1F85ECF6B3 /* GGLConfiguration.h */,
				168F28E628854DF4828AED82 /* GGLContext.h */,
				F8A5391D034749ACB59D7BC3 /* GGLErrorCode.h */,
				39AC5A1F37A04D6CB7036F05 /* GCMConfig.h */,
				D2F4137A71BF4BA29128365A /* GCMPubSub.h */,
				DC0E47D0CD1B48BFAFF8CC7A /* GCMReceiverDelegate.h */,
				0294495A00724FD0B6DEC0D4 /* GCMService.h */,
				CE73E32EF3964904B20F32C9 /* GoogleCloudMessaging.h */,
				F60ABC7BFA5A4C98B3F83175 /* CDVDevice.m */,
				C890414B975140488CC94EBB /* CDVDevice.h */,
				FEB2F18AFB444048A626A0C0 /* CDVNotification.m */,
				6C2D41606EC046348886BAA6 /* CDVNotification.h */,
				17D75E43F29B4E5EA124CB6C /* CDVInAppBrowser.m */,
				8211A04D9F624F9199834E90 /* CDVInAppBrowser.h */,
				620C5EDF5FE44AB0BD1D33A1 /* CDVConnection.m */,
				76BB7CA9B22E43F8AD04DAD9 /* CDVReachability.m */,
				0B70AC16464B4FE0959A162C /* CDVConnection.h */,
				F3654F6D407241A2A6A221E4 /* CDVReachability.h */,
				41A6776FA73F4F85B70940A0 /* CDVStatusBar.m */,
				2F054601F4F24B438F842679 /* CDVStatusBar.h */,
				C772485AB9804A679DBECDBA /* NSString+SSURLEncoding.m */,
				7A42554DD23F403391902BEA /* SocialSharing.m */,
				45F61AA43BE5425792C4FF02 /* NSString+SSURLEncoding.h */,
				19FB4A3CEBA64656A44B5E50 /* SocialSharing.h */,
			);
			name = Plugins;
			path = "Ismea Arredamenti/Plugins";
			sourceTree = SOURCE_ROOT;
		};
		EB87FDF11871DA420020F90C /* Staging */ = {
			isa = PBXGroup;
			children = (
				F840E1F0165FE0F500CFE078 /* config.xml */,
				301BF56E109A69640062928A /* www */,
			);
			name = Staging;
			sourceTree = "<group>";
		};
/* End PBXGroup section */

/* Begin PBXNativeTarget section */
		1D6058900D05DD3D006BFB54 /* Ismea Arredamenti */ = {
			isa = PBXNativeTarget;
			buildConfigurationList = 1D6058960D05DD3E006BFB54 /* Build configuration list for PBXNativeTarget "Ismea Arredamenti" */;
			buildPhases = (
				304B58A110DAC018002A0835 /* Copy www directory */,
				1D60588D0D05DD3D006BFB54 /* Resources */,
				1D60588E0D05DD3D006BFB54 /* Sources */,
				1D60588F0D05DD3D006BFB54 /* Frameworks */,
			);
			buildRules = (
			);
			dependencies = (
				301BF551109A68C00062928A /* PBXTargetDependency */,
			);
			name = "Ismea Arredamenti";
			productName = "Ismea Arredamenti";
			productReference = 1D6058910D05DD3D006BFB54 /* Ismea Arredamenti.app */;
			productType = "com.apple.product-type.application";
		};
/* End PBXNativeTarget section */

/* Begin PBXProject section */
		29B97313FDCFA39411CA2CEA /* Project object */ = {
			isa = PBXProject;
			attributes = {
				LastUpgradeCheck = 510;
			};
			buildConfigurationList = C01FCF4E08A954540054247B /* Build configuration list for PBXProject "__NON-CLI__" */;
			compatibilityVersion = "Xcode 3.2";
			developmentRegion = English;
			hasScannedForEncodings = 1;
			mainGroup = 29B97314FDCFA39411CA2CEA /* CustomTemplate */;
			projectDirPath = "";
			projectReferences = (
				{
					ProductGroup = 301BF52E109A57CC0062928A /* Products */;
					ProjectRef = 301BF52D109A57CC0062928A /* CordovaLib.xcodeproj */;
				},
			);
			projectRoot = "";
			targets = (
				1D6058900D05DD3D006BFB54 /* Ismea Arredamenti */,
			);
		};
/* End PBXProject section */

/* Begin PBXReferenceProxy section */
		301BF535109A57CC0062928A /* libCordova.a */ = {
			isa = PBXReferenceProxy;
			fileType = archive.ar;
			path = libCordova.a;
			remoteRef = 301BF534109A57CC0062928A /* PBXContainerItemProxy */;
			sourceTree = BUILT_PRODUCTS_DIR;
		};
/* End PBXReferenceProxy section */

/* Begin PBXResourcesBuildPhase section */
		1D60588D0D05DD3D006BFB54 /* Resources */ = {
			isa = PBXResourcesBuildPhase;
			buildActionMask = 2147483647;
			files = (
				302D95F214D2391D003F00A1 /* MainViewController.xib in Resources */,
				0207DA581B56EA530066E2B4 /* Images.xcassets in Resources */,
				6AFF5BF91D6E424B00AB3073 /* CDVLaunchScreen.storyboard in Resources */,
				139EB96A74F1402C95F7B113 /* CDVNotification.bundle in Resources */,
			);
			runOnlyForDeploymentPostprocessing = 0;
		};
/* End PBXResourcesBuildPhase section */

/* Begin PBXShellScriptBuildPhase section */
		304B58A110DAC018002A0835 /* Copy www directory */ = {
			isa = PBXShellScriptBuildPhase;
			buildActionMask = 2147483647;
			files = (
			);
			inputPaths = (
			);
			name = "Copy www directory";
			outputPaths = (
			);
			runOnlyForDeploymentPostprocessing = 0;
			shellPath = /bin/sh;
			shellScript = "NODEJS_PATH=/usr/local/bin; NVM_NODE_PATH=~/.nvm/versions/node/`nvm version 2>/dev/null`/bin; N_NODE_PATH=`find /usr/local/n/versions/node/* -maxdepth 0 -type d 2>/dev/null | tail -1`/bin; XCODE_NODE_PATH=`xcode-select --print-path`/usr/share/xcs/Node/bin; PATH=$NODEJS_PATH:$NVM_NODE_PATH:$N_NODE_PATH:$XCODE_NODE_PATH:$PATH && node cordova/lib/copy-www-build-step.js";
			showEnvVarsInLog = 0;
		};
/* End PBXShellScriptBuildPhase section */

/* Begin PBXSourcesBuildPhase section */
		1D60588E0D05DD3D006BFB54 /* Sources */ = {
			isa = PBXSourcesBuildPhase;
			buildActionMask = 2147483647;
			files = (
				1D60589B0D05DD56006BFB54 /* main.m in Sources */,
				1D3623260D0F684500981E51 /* AppDelegate.m in Sources */,
				302D95F114D2391D003F00A1 /* MainViewController.m in Sources */,
				E7F46F637F6E4605AB8E2BEB /* AppDelegate+notification.m in Sources */,
				60365806E1B94BB7BC70375F /* PushPlugin.m in Sources */,
				1F0BAD8DC5984B49A52A0FF4 /* CDVDevice.m in Sources */,
				16691EFE668046CFA7F36D75 /* CDVNotification.m in Sources */,
				3EF00FDBA19B42C2A7C551F7 /* CDVInAppBrowser.m in Sources */,
				DD556D15B9DE49DFB87A1E34 /* CDVConnection.m in Sources */,
				7F34CC9E3B7341B79EE90973 /* CDVReachability.m in Sources */,
				0BDFC4E7303749CBBCAC1922 /* CDVStatusBar.m in Sources */,
				9CBD4D424EBD4BF4B2B48228 /* NSString+SSURLEncoding.m in Sources */,
				370E8B024767440F9E408A4A /* SocialSharing.m in Sources */,
			);
			runOnlyForDeploymentPostprocessing = 0;
		};
/* End PBXSourcesBuildPhase section */

/* Begin PBXTargetDependency section */
		301BF551109A68C00062928A /* PBXTargetDependency */ = {
			isa = PBXTargetDependency;
			name = CordovaLib;
			targetProxy = 301BF550109A68C00062928A /* PBXContainerItemProxy */;
		};
/* End PBXTargetDependency section */

/* Begin XCBuildConfiguration section */
		1D6058940D05DD3E006BFB54 /* Debug */ = {
			isa = XCBuildConfiguration;
			baseConfigurationReference = 3047A50F1AB8059700498E2A /* build-debug.xcconfig */;
			buildSettings = {
				ALWAYS_SEARCH_USER_PATHS = NO;
				ASSETCATALOG_COMPILER_APPICON_NAME = AppIcon;
				ASSETCATALOG_COMPILER_LAUNCHIMAGE_NAME = LaunchImage;
				CLANG_ENABLE_MODULES = YES;
				CLANG_ENABLE_OBJC_ARC = YES;
				COPY_PHASE_STRIP = NO;
				GCC_DYNAMIC_NO_PIC = NO;
				GCC_OPTIMIZATION_LEVEL = 0;
				GCC_PRECOMPILE_PREFIX_HEADER = YES;
				GCC_PREFIX_HEADER = "Ismea Arredamenti/Ismea Arredamenti-Prefix.pch";
				GCC_THUMB_SUPPORT = NO;
				GCC_VERSION = "";
				INFOPLIST_FILE = "Ismea Arredamenti/Ismea Arredamenti-Info.plist";
				IPHONEOS_DEPLOYMENT_TARGET = 8.0;
				LD_RUNPATH_SEARCH_PATHS = "@executable_path/Frameworks";
				TARGETED_DEVICE_FAMILY = "1,2";
				PRODUCT_NAME = "Ismea Arredamenti";
				LIBRARY_SEARCH_PATHS = (
					"$(inherited)",
					"\"$(SRCROOT)/Ismea Arredamenti/Plugins/phonegap-plugin-push/GCM/Libraries\"",
					"\"$(SRCROOT)/Ismea Arredamenti/Plugins/phonegap-plugin-push/GCM/Libraries\"",
					"\"$(SRCROOT)/Ismea Arredamenti/Plugins/phonegap-plugin-push/GCM/Libraries\"",
					"\"$(SRCROOT)/Ismea Arredamenti/Plugins/phonegap-plugin-push/GCM/Libraries\"",
					"\"$(SRCROOT)/Ismea Arredamenti/Plugins/phonegap-plugin-push/GCM/Libraries\"",
					"\"$(SRCROOT)/Ismea Arredamenti/Plugins/phonegap-plugin-push/GCM/Libraries\"",
					"\"$(SRCROOT)/Ismea Arredamenti/Plugins/phonegap-plugin-push/GCM/Libraries\"",
					"\"$(SRCROOT)/Ismea Arredamenti/Plugins/phonegap-plugin-push/GCM/Libraries\"",
					"\"$(SRCROOT)/Ismea Arredamenti/Plugins/phonegap-plugin-push/GCM/Libraries\"",
					"\"$(SRCROOT)/Ismea Arredamenti/Plugins/phonegap-plugin-push/GCM/Libraries\"",
					"\"$(SRCROOT)/Ismea Arredamenti/Plugins/phonegap-plugin-push/GCM/Libraries\"",
					"\"$(SRCROOT)/Ismea Arredamenti/Plugins/phonegap-plugin-push/GCM/Libraries\"",
					"\"$(SRCROOT)/Ismea Arredamenti/Plugins/phonegap-plugin-push/GCM/Libraries\"",
					"\"$(SRCROOT)/Ismea Arredamenti/Plugins/phonegap-plugin-push/GCM/Libraries\"",
					"\"$(SRCROOT)/Ismea Arredamenti/Plugins/phonegap-plugin-push/GCM/Libraries\"",
					"\"$(SRCROOT)/Ismea Arredamenti/Plugins/phonegap-plugin-push/GCM/Libraries\"",
					"\"$(SRCROOT)/Ismea Arredamenti/Plugins/phonegap-plugin-push/GCM/Libraries\"",
					"\"$(SRCROOT)/Ismea Arredamenti/Plugins/phonegap-plugin-push/GCM/Libraries\"",
					"\"$(SRCROOT)/Ismea Arredamenti/Plugins/phonegap-plugin-push/GCM/Libraries\"",
					"\"$(SRCROOT)/Ismea Arredamenti/Plugins/phonegap-plugin-push/GCM/Libraries\"",
					"\"$(SRCROOT)/Ismea Arredamenti/Plugins/phonegap-plugin-push/GCM/Libraries\"",
					"\"$(SRCROOT)/Ismea Arredamenti/Plugins/phonegap-plugin-push/GCM/Libraries\"",
					"\"$(SRCROOT)/Ismea Arredamenti/Plugins/phonegap-plugin-push/GCM/Libraries\"",
					"\"$(SRCROOT)/Ismea Arredamenti/Plugins/phonegap-plugin-push/GCM/Libraries\"",
					"\"$(SRCROOT)/Ismea Arredamenti/Plugins/phonegap-plugin-push/GCM/Libraries\"",
					"\"$(SRCROOT)/Ismea Arredamenti/Plugins/phonegap-plugin-push/GCM/Libraries\"",
				);
			};
			name = Debug;
		};
		1D6058950D05DD3E006BFB54 /* Release */ = {
			isa = XCBuildConfiguration;
			baseConfigurationReference = 3047A5101AB8059700498E2A /* build-release.xcconfig */;
			buildSettings = {
				ALWAYS_SEARCH_USER_PATHS = NO;
				ASSETCATALOG_COMPILER_APPICON_NAME = AppIcon;
				ASSETCATALOG_COMPILER_LAUNCHIMAGE_NAME = LaunchImage;
				CLANG_ENABLE_MODULES = YES;
				CLANG_ENABLE_OBJC_ARC = YES;
				COPY_PHASE_STRIP = YES;
				GCC_PRECOMPILE_PREFIX_HEADER = YES;
				GCC_PREFIX_HEADER = "Ismea Arredamenti/Ismea Arredamenti-Prefix.pch";
				GCC_THUMB_SUPPORT = NO;
				GCC_VERSION = "";
				INFOPLIST_FILE = "Ismea Arredamenti/Ismea Arredamenti-Info.plist";
				IPHONEOS_DEPLOYMENT_TARGET = 8.0;
				LD_RUNPATH_SEARCH_PATHS = "@executable_path/Frameworks";
				TARGETED_DEVICE_FAMILY = "1,2";
				PRODUCT_NAME = "Ismea Arredamenti";
				LIBRARY_SEARCH_PATHS = (
					"$(inherited)",
					"\"$(SRCROOT)/Ismea Arredamenti/Plugins/phonegap-plugin-push/GCM/Libraries\"",
					"\"$(SRCROOT)/Ismea Arredamenti/Plugins/phonegap-plugin-push/GCM/Libraries\"",
					"\"$(SRCROOT)/Ismea Arredamenti/Plugins/phonegap-plugin-push/GCM/Libraries\"",
					"\"$(SRCROOT)/Ismea Arredamenti/Plugins/phonegap-plugin-push/GCM/Libraries\"",
					"\"$(SRCROOT)/Ismea Arredamenti/Plugins/phonegap-plugin-push/GCM/Libraries\"",
					"\"$(SRCROOT)/Ismea Arredamenti/Plugins/phonegap-plugin-push/GCM/Libraries\"",
					"\"$(SRCROOT)/Ismea Arredamenti/Plugins/phonegap-plugin-push/GCM/Libraries\"",
					"\"$(SRCROOT)/Ismea Arredamenti/Plugins/phonegap-plugin-push/GCM/Libraries\"",
					"\"$(SRCROOT)/Ismea Arredamenti/Plugins/phonegap-plugin-push/GCM/Libraries\"",
					"\"$(SRCROOT)/Ismea Arredamenti/Plugins/phonegap-plugin-push/GCM/Libraries\"",
					"\"$(SRCROOT)/Ismea Arredamenti/Plugins/phonegap-plugin-push/GCM/Libraries\"",
					"\"$(SRCROOT)/Ismea Arredamenti/Plugins/phonegap-plugin-push/GCM/Libraries\"",
					"\"$(SRCROOT)/Ismea Arredamenti/Plugins/phonegap-plugin-push/GCM/Libraries\"",
					"\"$(SRCROOT)/Ismea Arredamenti/Plugins/phonegap-plugin-push/GCM/Libraries\"",
					"\"$(SRCROOT)/Ismea Arredamenti/Plugins/phonegap-plugin-push/GCM/Libraries\"",
					"\"$(SRCROOT)/Ismea Arredamenti/Plugins/phonegap-plugin-push/GCM/Libraries\"",
					"\"$(SRCROOT)/Ismea Arredamenti/Plugins/phonegap-plugin-push/GCM/Libraries\"",
					"\"$(SRCROOT)/Ismea Arredamenti/Plugins/phonegap-plugin-push/GCM/Libraries\"",
					"\"$(SRCROOT)/Ismea Arredamenti/Plugins/phonegap-plugin-push/GCM/Libraries\"",
					"\"$(SRCROOT)/Ismea Arredamenti/Plugins/phonegap-plugin-push/GCM/Libraries\"",
					"\"$(SRCROOT)/Ismea Arredamenti/Plugins/phonegap-plugin-push/GCM/Libraries\"",
					"\"$(SRCROOT)/Ismea Arredamenti/Plugins/phonegap-plugin-push/GCM/Libraries\"",
					"\"$(SRCROOT)/Ismea Arredamenti/Plugins/phonegap-plugin-push/GCM/Libraries\"",
					"\"$(SRCROOT)/Ismea Arredamenti/Plugins/phonegap-plugin-push/GCM/Libraries\"",
					"\"$(SRCROOT)/Ismea Arredamenti/Plugins/phonegap-plugin-push/GCM/Libraries\"",
					"\"$(SRCROOT)/Ismea Arredamenti/Plugins/phonegap-plugin-push/GCM/Libraries\"",
				);
			};
			name = Release;
		};
		C01FCF4F08A954540054247B /* Debug */ = {
			isa = XCBuildConfiguration;
			baseConfigurationReference = 3047A5111AB8059700498E2A /* build.xcconfig */;
			buildSettings = {
				CLANG_ENABLE_MODULES = YES;
				CLANG_ENABLE_OBJC_ARC = YES;
				CLANG_WARN_BOOL_CONVERSION = YES;
				CLANG_WARN_CONSTANT_CONVERSION = YES;
				CLANG_WARN_EMPTY_BODY = YES;
				CLANG_WARN_ENUM_CONVERSION = YES;
				CLANG_WARN_INT_CONVERSION = YES;
				CLANG_WARN__DUPLICATE_METHOD_MATCH = YES;
				GCC_C_LANGUAGE_STANDARD = c99;
				GCC_THUMB_SUPPORT = NO;
				GCC_VERSION = "";
				GCC_WARN_ABOUT_RETURN_TYPE = YES;
				GCC_WARN_UNDECLARED_SELECTOR = YES;
				GCC_WARN_UNINITIALIZED_AUTOS = YES;
				GCC_WARN_UNUSED_FUNCTION = YES;
				GCC_WARN_UNUSED_VARIABLE = YES;
				ONLY_ACTIVE_ARCH = YES;
				SDKROOT = iphoneos;
				SKIP_INSTALL = NO;
				TARGETED_DEVICE_FAMILY = "1,2";
				ASSETCATALOG_COMPILER_LAUNCHIMAGE_NAME = LaunchImage;
			};
			name = Debug;
		};
		C01FCF5008A954540054247B /* Release */ = {
			isa = XCBuildConfiguration;
			baseConfigurationReference = 3047A5111AB8059700498E2A /* build.xcconfig */;
			buildSettings = {
				CLANG_ENABLE_MODULES = YES;
				CLANG_ENABLE_OBJC_ARC = YES;
				CLANG_WARN_BOOL_CONVERSION = YES;
				CLANG_WARN_CONSTANT_CONVERSION = YES;
				CLANG_WARN_EMPTY_BODY = YES;
				CLANG_WARN_ENUM_CONVERSION = YES;
				CLANG_WARN_INT_CONVERSION = YES;
				CLANG_WARN__DUPLICATE_METHOD_MATCH = YES;
				GCC_C_LANGUAGE_STANDARD = c99;
				GCC_THUMB_SUPPORT = NO;
				GCC_VERSION = "";
				GCC_WARN_ABOUT_RETURN_TYPE = YES;
				GCC_WARN_UNDECLARED_SELECTOR = YES;
				GCC_WARN_UNINITIALIZED_AUTOS = YES;
				GCC_WARN_UNUSED_FUNCTION = YES;
				GCC_WARN_UNUSED_VARIABLE = YES;
				SDKROOT = iphoneos;
				SKIP_INSTALL = NO;
				TARGETED_DEVICE_FAMILY = "1,2";
				ASSETCATALOG_COMPILER_LAUNCHIMAGE_NAME = LaunchImage;
			};
			name = Release;
		};
/* End XCBuildConfiguration section */

/* Begin XCConfigurationList section */
		1D6058960D05DD3E006BFB54 /* Build configuration list for PBXNativeTarget "Ismea Arredamenti" */ = {
			isa = XCConfigurationList;
			buildConfigurations = (
				1D6058940D05DD3E006BFB54 /* Debug */,
				1D6058950D05DD3E006BFB54 /* Release */,
			);
			defaultConfigurationIsVisible = 0;
			defaultConfigurationName = Release;
		};
		C01FCF4E08A954540054247B /* Build configuration list for PBXProject "__NON-CLI__" */ = {
			isa = XCConfigurationList;
			buildConfigurations = (
				C01FCF4F08A954540054247B /* Debug */,
				C01FCF5008A954540054247B /* Release */,
			);
			defaultConfigurationIsVisible = 0;
			defaultConfigurationName = Release;
		};
/* End XCConfigurationList section */
	};
	rootObject = 29B97313FDCFA39411CA2CEA /* Project object */;
}
